<?xml version="1.0" encoding="UTF-8"?>
<CodeBlocks_project_file>
	<FileVersion major="1" minor="6"/>
	<Project>
		<Option title="iz1_rel"/>
		<Option makefile_is_custom="1"/>
		<Option compiler="gcc"/>
		<Option virtualFolders="CMake Files\;"/>
		<Build>
			<Target title="all">
				<Option working_dir="/Users/almashell/Documents/tp/с++/iz1_rel"/>
				<Option type="4"/>
				<MakeCommands>
					<Build command="/usr/bin/make -f &quot;/Users/almashell/Documents/tp/с++/iz1_rel/Makefile&quot;  VERBOSE=1 all"/>
					<CompileFile command="/usr/bin/make -f &quot;/Users/almashell/Documents/tp/с++/iz1_rel/Makefile&quot;  VERBOSE=1 &quot;$file&quot;"/>
					<Clean command="/usr/bin/make -f &quot;/Users/almashell/Documents/tp/с++/iz1_rel/Makefile&quot;  VERBOSE=1 clean"/>
					<DistClean command="/usr/bin/make -f &quot;/Users/almashell/Documents/tp/с++/iz1_rel/Makefile&quot;  VERBOSE=1 clean"/>
				</MakeCommands>
			</Target>
			<Target title="rebuild_cache">
				<Option working_dir="/Users/almashell/Documents/tp/с++/iz1_rel"/>
				<Option type="4"/>
				<MakeCommands>
					<Build command="/usr/bin/make -f &quot;/Users/almashell/Documents/tp/с++/iz1_rel/Makefile&quot;  VERBOSE=1 rebuild_cache"/>
					<CompileFile command="/usr/bin/make -f &quot;/Users/almashell/Documents/tp/с++/iz1_rel/Makefile&quot;  VERBOSE=1 &quot;$file&quot;"/>
					<Clean command="/usr/bin/make -f &quot;/Users/almashell/Documents/tp/с++/iz1_rel/Makefile&quot;  VERBOSE=1 clean"/>
					<DistClean command="/usr/bin/make -f &quot;/Users/almashell/Documents/tp/с++/iz1_rel/Makefile&quot;  VERBOSE=1 clean"/>
				</MakeCommands>
			</Target>
			<Target title="edit_cache">
				<Option working_dir="/Users/almashell/Documents/tp/с++/iz1_rel"/>
				<Option type="4"/>
				<MakeCommands>
					<Build command="/usr/bin/make -f &quot;/Users/almashell/Documents/tp/с++/iz1_rel/Makefile&quot;  VERBOSE=1 edit_cache"/>
					<CompileFile command="/usr/bin/make -f &quot;/Users/almashell/Documents/tp/с++/iz1_rel/Makefile&quot;  VERBOSE=1 &quot;$file&quot;"/>
					<Clean command="/usr/bin/make -f &quot;/Users/almashell/Documents/tp/с++/iz1_rel/Makefile&quot;  VERBOSE=1 clean"/>
					<DistClean command="/usr/bin/make -f &quot;/Users/almashell/Documents/tp/с++/iz1_rel/Makefile&quot;  VERBOSE=1 clean"/>
				</MakeCommands>
			</Target>
			<Target title="iz1_rel">
				<Option output="/Users/almashell/Documents/tp/с++/iz1_rel/iz1_rel" prefix_auto="0" extension_auto="0"/>
				<Option working_dir="/Users/almashell/Documents/tp/с++/iz1_rel"/>
				<Option object_output="./"/>
				<Option type="1"/>
				<Option compiler="gcc"/>
				<Compiler/>
				<MakeCommands>
					<Build command="/usr/bin/make -f &quot;/Users/almashell/Documents/tp/с++/iz1_rel/Makefile&quot;  VERBOSE=1 iz1_rel"/>
					<CompileFile command="/usr/bin/make -f &quot;/Users/almashell/Documents/tp/с++/iz1_rel/Makefile&quot;  VERBOSE=1 &quot;$file&quot;"/>
					<Clean command="/usr/bin/make -f &quot;/Users/almashell/Documents/tp/с++/iz1_rel/Makefile&quot;  VERBOSE=1 clean"/>
					<DistClean command="/usr/bin/make -f &quot;/Users/almashell/Documents/tp/с++/iz1_rel/Makefile&quot;  VERBOSE=1 clean"/>
				</MakeCommands>
			</Target>
			<Target title="iz1_rel/fast">
				<Option output="/Users/almashell/Documents/tp/с++/iz1_rel/iz1_rel" prefix_auto="0" extension_auto="0"/>
				<Option working_dir="/Users/almashell/Documents/tp/с++/iz1_rel"/>
				<Option object_output="./"/>
				<Option type="1"/>
				<Option compiler="gcc"/>
				<Compiler/>
				<MakeCommands>
					<Build command="/usr/bin/make -f &quot;/Users/almashell/Documents/tp/с++/iz1_rel/Makefile&quot;  VERBOSE=1 iz1_rel/fast"/>
					<CompileFile command="/usr/bin/make -f &quot;/Users/almashell/Documents/tp/с++/iz1_rel/Makefile&quot;  VERBOSE=1 &quot;$file&quot;"/>
					<Clean command="/usr/bin/make -f &quot;/Users/almashell/Documents/tp/с++/iz1_rel/Makefile&quot;  VERBOSE=1 clean"/>
					<DistClean command="/usr/bin/make -f &quot;/Users/almashell/Documents/tp/с++/iz1_rel/Makefile&quot;  VERBOSE=1 clean"/>
				</MakeCommands>
			</Target>
		</Build>
		<Unit filename="/Users/almashell/Documents/tp/с++/iz1_rel/main.c">
			<Option target="iz1_rel"/>
		</Unit>
		<Unit filename="/Users/almashell/Documents/tp/с++/iz1_rel/CMakeLists.txt">
			<Option virtualFolder="CMake Files\"/>
		</Unit>
	</Project>
</CodeBlocks_project_file>
